// !$*UTF8*$!
{
	archiveVersion = 1;
	classes = {
	};
	objectVersion = 56;
	objects = {

/* Begin PBXBuildFile section */
		0474B11D29A6176D0059E3FA /* AppDelegate.swift in Sources */ = {isa = PBXBuildFile; fileRef = 0474B11C29A6176D0059E3FA /* AppDelegate.swift */; };
		0474B11F29A6176D0059E3FA /* SceneDelegate.swift in Sources */ = {isa = PBXBuildFile; fileRef = 0474B11E29A6176D0059E3FA /* SceneDelegate.swift */; };
		0474B12129A6176D0059E3FA /* ViewController.swift in Sources */ = {isa = PBXBuildFile; fileRef = 0474B12029A6176D0059E3FA /* ViewController.swift */; };
		0474B12429A6176D0059E3FA /* Main.storyboard in Resources */ = {isa = PBXBuildFile; fileRef = 0474B12229A6176D0059E3FA /* Main.storyboard */; };
		0474B12629A6176E0059E3FA /* Assets.xcassets in Resources */ = {isa = PBXBuildFile; fileRef = 0474B12529A6176E0059E3FA /* Assets.xcassets */; };
		0474B12929A6176E0059E3FA /* LaunchScreen.storyboard in Resources */ = {isa = PBXBuildFile; fileRef = 0474B12729A6176E0059E3FA /* LaunchScreen.storyboard */; };
		0474B13429A6176E0059E3FA /* GenericTests.swift in Sources */ = {isa = PBXBuildFile; fileRef = 0474B13329A6176E0059E3FA /* GenericTests.swift */; };
		0474B13E29A6176E0059E3FA /* GenericUITests.swift in Sources */ = {isa = PBXBuildFile; fileRef = 0474B13D29A6176E0059E3FA /* GenericUITests.swift */; };
		0474B14029A6176E0059E3FA /* GenericUITestsLaunchTests.swift in Sources */ = {isa = PBXBuildFile; fileRef = 0474B13F29A6176E0059E3FA /* GenericUITestsLaunchTests.swift */; };
/* End PBXBuildFile section */

/* Begin PBXContainerItemProxy section */
		0474B13029A6176E0059E3FA /* PBXContainerItemProxy */ = {
			isa = PBXContainerItemProxy;
			containerPortal = 0474B11129A6176D0059E3FA /* Project object */;
			proxyType = 1;
			remoteGlobalIDString = 0474B11829A6176D0059E3FA;
			remoteInfo = Generic;
		};
		0474B13A29A6176E0059E3FA /* PBXContainerItemProxy */ = {
			isa = PBXContainerItemProxy;
			containerPortal = 0474B11129A6176D0059E3FA /* Project object */;
			proxyType = 1;
			remoteGlobalIDString = 0474B11829A6176D0059E3FA;
			remoteInfo = Generic;
		};
/* End PBXContainerItemProxy section */

/* Begin PBXFileReference section */
		0474B11929A6176D0059E3FA /* Generic.app */ = {isa = PBXFileReference; explicitFileType = wrapper.application; includeInIndex = 0; path = Generic.app; sourceTree = BUILT_PRODUCTS_DIR; };
		0474B11C29A6176D0059E3FA /* AppDelegate.swift */ = {isa = PBXFileReference; lastKnownFileType = sourcecode.swift; path = AppDelegate.swift; sourceTree = "<group>"; };
		0474B11E29A6176D0059E3FA /* SceneDelegate.swift */ = {isa = PBXFileReference; lastKnownFileType = sourcecode.swift; path = SceneDelegate.swift; sourceTree = "<group>"; };
		0474B12029A6176D0059E3FA /* ViewController.swift */ = {isa = PBXFileReference; lastKnownFileType = sourcecode.swift; path = ViewController.swift; sourceTree = "<group>"; };
		0474B12329A6176D0059E3FA /* Base */ = {isa = PBXFileReference; lastKnownFileType = file.storyboard; name = Base; path = Base.lproj/Main.storyboard; sourceTree = "<group>"; };
		0474B12529A6176E0059E3FA /* Assets.xcassets */ = {isa = PBXFileReference; lastKnownFileType = folder.assetcatalog; path = Assets.xcassets; sourceTree = "<group>"; };
		0474B12829A6176E0059E3FA /* Base */ = {isa = PBXFileReference; lastKnownFileType = file.storyboard; name = Base; path = Base.lproj/LaunchScreen.storyboard; sourceTree = "<group>"; };
		0474B12A29A6176E0059E3FA /* Info.plist */ = {isa = PBXFileReference; lastKnownFileType = text.plist.xml; path = Info.plist; sourceTree = "<group>"; };
		0474B12F29A6176E0059E3FA /* GenericTests.xctest */ = {isa = PBXFileReference; explicitFileType = wrapper.cfbundle; includeInIndex = 0; path = GenericTests.xctest; sourceTree = BUILT_PRODUCTS_DIR; };
		0474B13329A6176E0059E3FA /* GenericTests.swift */ = {isa = PBXFileReference; lastKnownFileType = sourcecode.swift; path = GenericTests.swift; sourceTree = "<group>"; };
		0474B13929A6176E0059E3FA /* GenericUITests.xctest */ = {isa = PBXFileReference; explicitFileType = wrapper.cfbundle; includeInIndex = 0; path = GenericUITests.xctest; sourceTree = BUILT_PRODUCTS_DIR; };
		0474B13D29A6176E0059E3FA /* GenericUITests.swift */ = {isa = PBXFileReference; lastKnownFileType = sourcecode.swift; path = GenericUITests.swift; sourceTree = "<group>"; };
		0474B13F29A6176E0059E3FA /* GenericUITestsLaunchTests.swift */ = {isa = PBXFileReference; lastKnownFileType = sourcecode.swift; path = GenericUITestsLaunchTests.swift; sourceTree = "<group>"; };
/* End PBXFileReference section */

/* Begin PBXFrameworksBuildPhase section */
		0474B11629A6176D0059E3FA /* Frameworks */ = {
			isa = PBXFrameworksBuildPhase;
			buildActionMask = 2147483647;
			files = (
			);
			runOnlyForDeploymentPostprocessing = 0;
		};
		0474B12C29A6176E0059E3FA /* Frameworks */ = {
			isa = PBXFrameworksBuildPhase;
			buildActionMask = 2147483647;
			files = (
			);
			runOnlyForDeploymentPostprocessing = 0;
		};
		0474B13629A6176E0059E3FA /* Frameworks */ = {
			isa = PBXFrameworksBuildPhase;
			buildActionMask = 2147483647;
			files = (
			);
			runOnlyForDeploymentPostprocessing = 0;
		};
/* End PBXFrameworksBuildPhase section */

/* Begin PBXGroup section */
		0474B11029A6176D0059E3FA = {
			isa = PBXGroup;
			children = (
				0474B11B29A6176D0059E3FA /* Generic */,
				0474B13229A6176E0059E3FA /* GenericTests */,
				0474B13C29A6176E0059E3FA /* GenericUITests */,
				0474B11A29A6176D0059E3FA /* Products */,
			);
			sourceTree = "<group>";
		};
		0474B11A29A6176D0059E3FA /* Products */ = {
			isa = PBXGroup;
			children = (
				0474B11929A6176D0059E3FA /* Generic.app */,
				0474B12F29A6176E0059E3FA /* GenericTests.xctest */,
				0474B13929A6176E0059E3FA /* GenericUITests.xctest */,
			);
			name = Products;
			sourceTree = "<group>";
		};
		0474B11B29A6176D0059E3FA /* Generic */ = {
			isa = PBXGroup;
			children = (
				0474B11C29A6176D0059E3FA /* AppDelegate.swift */,
				0474B11E29A6176D0059E3FA /* SceneDelegate.swift */,
				0474B12029A6176D0059E3FA /* ViewController.swift */,
				0474B12229A6176D0059E3FA /* Main.storyboard */,
				0474B12529A6176E0059E3FA /* Assets.xcassets */,
				0474B12729A6176E0059E3FA /* LaunchScreen.storyboard */,
				0474B12A29A6176E0059E3FA /* Info.plist */,
			);
			path = Generic;
			sourceTree = "<group>";
		};
		0474B13229A6176E0059E3FA /* GenericTests */ = {
			isa = PBXGroup;
			children = (
				0474B13329A6176E0059E3FA /* GenericTests.swift */,
			);
			path = GenericTests;
			sourceTree = "<group>";
		};
		0474B13C29A6176E0059E3FA /* GenericUITests */ = {
			isa = PBXGroup;
			children = (
				0474B13D29A6176E0059E3FA /* GenericUITests.swift */,
				0474B13F29A6176E0059E3FA /* GenericUITestsLaunchTests.swift */,
			);
			path = GenericUITests;
			sourceTree = "<group>";
		};
/* End PBXGroup section */

/* Begin PBXNativeTarget section */
		0474B11829A6176D0059E3FA /* Generic */ = {
			isa = PBXNativeTarget;
			buildConfigurationList = 0474B14329A6176E0059E3FA /* Build configuration list for PBXNativeTarget "Generic" */;
			buildPhases = (
				0474B11529A6176D0059E3FA /* Sources */,
				0474B11629A6176D0059E3FA /* Frameworks */,
				0474B11729A6176D0059E3FA /* Resources */,
			);
			buildRules = (
			);
			dependencies = (
			);
			name = Generic;
			productName = Generic;
			productReference = 0474B11929A6176D0059E3FA /* Generic.app */;
			productType = "com.apple.product-type.application";
		};
		0474B12E29A6176E0059E3FA /* GenericTests */ = {
			isa = PBXNativeTarget;
			buildConfigurationList = 0474B14629A6176E0059E3FA /* Build configuration list for PBXNativeTarget "GenericTests" */;
			buildPhases = (
				0474B12B29A6176E0059E3FA /* Sources */,
				0474B12C29A6176E0059E3FA /* Frameworks */,
				0474B12D29A6176E0059E3FA /* Resources */,
			);
			buildRules = (
			);
			dependencies = (
				0474B13129A6176E0059E3FA /* PBXTargetDependency */,
			);
			name = GenericTests;
			productName = GenericTests;
			productReference = 0474B12F29A6176E0059E3FA /* GenericTests.xctest */;
			productType = "com.apple.product-type.bundle.unit-test";
		};
		0474B13829A6176E0059E3FA /* GenericUITests */ = {
			isa = PBXNativeTarget;
			buildConfigurationList = 0474B14929A6176E0059E3FA /* Build configuration list for PBXNativeTarget "GenericUITests" */;
			buildPhases = (
				0474B13529A6176E0059E3FA /* Sources */,
				0474B13629A6176E0059E3FA /* Frameworks */,
				0474B13729A6176E0059E3FA /* Resources */,
			);
			buildRules = (
			);
			dependencies = (
				0474B13B29A6176E0059E3FA /* PBXTargetDependency */,
			);
			name = GenericUITests;
			productName = GenericUITests;
			productReference = 0474B13929A6176E0059E3FA /* GenericUITests.xctest */;
			productType = "com.apple.product-type.bundle.ui-testing";
		};
/* End PBXNativeTarget section */

/* Begin PBXProject section */
		0474B11129A6176D0059E3FA /* Project object */ = {
			isa = PBXProject;
			attributes = {
				BuildIndependentTargetsInParallel = 1;
				LastSwiftUpdateCheck = 1420;
				LastUpgradeCheck = 1420;
				TargetAttributes = {
					0474B11829A6176D0059E3FA = {
						CreatedOnToolsVersion = 14.2;
					};
					0474B12E29A6176E0059E3FA = {
						CreatedOnToolsVersion = 14.2;
						TestTargetID = 0474B11829A6176D0059E3FA;
					};
					0474B13829A6176E0059E3FA = {
						CreatedOnToolsVersion = 14.2;
						TestTargetID = 0474B11829A6176D0059E3FA;
					};
				};
			};
			buildConfigurationList = 0474B11429A6176D0059E3FA /* Build configuration list for PBXProject "Generic" */;
			compatibilityVersion = "Xcode 14.0";
			developmentRegion = en;
			hasScannedForEncodings = 0;
			knownRegions = (
				en,
				Base,
			);
			mainGroup = 0474B11029A6176D0059E3FA;
			productRefGroup = 0474B11A29A6176D0059E3FA /* Products */;
			projectDirPath = "";
			projectRoot = "";
			targets = (
				0474B11829A6176D0059E3FA /* Generic */,
				0474B12E29A6176E0059E3FA /* GenericTests */,
				0474B13829A6176E0059E3FA /* GenericUITests */,
			);
		};
/* End PBXProject section */

/* Begin PBXResourcesBuildPhase section */
		0474B11729A6176D0059E3FA /* Resources */ = {
			isa = PBXResourcesBuildPhase;
			buildActionMask = 2147483647;
			files = (
				0474B12929A6176E0059E3FA /* LaunchScreen.storyboard in Resources */,
				0474B12629A6176E0059E3FA /* Assets.xcassets in Resources */,
				0474B12429A6176D0059E3FA /* Main.storyboard in Resources */,
			);
			runOnlyForDeploymentPostprocessing = 0;
		};
		0474B12D29A6176E0059E3FA /* Resources */ = {
			isa = PBXResourcesBuildPhase;
			buildActionMask = 2147483647;
			files = (
			);
			runOnlyForDeploymentPostprocessing = 0;
		};
		0474B13729A6176E0059E3FA /* Resources */ = {
			isa = PBXResourcesBuildPhase;
			buildActionMask = 2147483647;
			files = (
			);
			runOnlyForDeploymentPostprocessing = 0;
		};
/* End PBXResourcesBuildPhase section */

/* Begin PBXSourcesBuildPhase section */
		0474B11529A6176D0059E3FA /* Sources */ = {
			isa = PBXSourcesBuildPhase;
			buildActionMask = 2147483647;
			files = (
				0474B12129A6176D0059E3FA /* ViewController.swift in Sources */,
				0474B11D29A6176D0059E3FA /* AppDelegate.swift in Sources */,
				0474B11F29A6176D0059E3FA /* SceneDelegate.swift in Sources */,
			);
			runOnlyForDeploymentPostprocessing = 0;
		};
		0474B12B29A6176E0059E3FA /* Sources */ = {
			isa = PBXSourcesBuildPhase;
			buildActionMask = 2147483647;
			files = (
				0474B13429A6176E0059E3FA /* GenericTests.swift in Sources */,
			);
			runOnlyForDeploymentPostprocessing = 0;
		};
		0474B13529A6176E0059E3FA /* Sources */ = {
			isa = PBXSourcesBuildPhase;
			buildActionMask = 2147483647;
			files = (
				0474B14029A6176E0059E3FA /* GenericUITestsLaunchTests.swift in Sources */,
				0474B13E29A6176E0059E3FA /* GenericUITests.swift in Sources */,
			);
			runOnlyForDeploymentPostprocessing = 0;
		};
/* End PBXSourcesBuildPhase section */

/* Begin PBXTargetDependency section */
		0474B13129A6176E0059E3FA /* PBXTargetDependency */ = {
			isa = PBXTargetDependency;
			target = 0474B11829A6176D0059E3FA /* Generic */;
			targetProxy = 0474B13029A6176E0059E3FA /* PBXContainerItemProxy */;
		};
		0474B13B29A6176E0059E3FA /* PBXTargetDependency */ = {
			isa = PBXTargetDependency;
			target = 0474B11829A6176D0059E3FA /* Generic */;
			targetProxy = 0474B13A29A6176E0059E3FA /* PBXContainerItemProxy */;
		};
/* End PBXTargetDependency section */

/* Begin PBXVariantGroup section */
		0474B12229A6176D0059E3FA /* Main.storyboard */ = {
			isa = PBXVariantGroup;
			children = (
				0474B12329A6176D0059E3FA /* Base */,
			);
			name = Main.storyboard;
			sourceTree = "<group>";
		};
		0474B12729A6176E0059E3FA /* LaunchScreen.storyboard */ = {
			isa = PBXVariantGroup;
			children = (
				0474B12829A6176E0059E3FA /* Base */,
			);
			name = LaunchScreen.storyboard;
			sourceTree = "<group>";
		};
/* End PBXVariantGroup section */

/* Begin XCBuildConfiguration section */
		0474B14129A6176E0059E3FA /* Debug */ = {
			isa = XCBuildConfiguration;
			buildSettings = {
				ALWAYS_SEARCH_USER_PATHS = NO;
				CLANG_ANALYZER_NONNULL = YES;
				CLANG_ANALYZER_NUMBER_OBJECT_CONVERSION = YES_AGGRESSIVE;
				CLANG_CXX_LANGUAGE_STANDARD = "gnu++20";
				CLANG_ENABLE_MODULES = YES;
				CLANG_ENABLE_OBJC_ARC = YES;
				CLANG_ENABLE_OBJC_WEAK = YES;
				CLANG_WARN_BLOCK_CAPTURE_AUTORELEASING = YES;
				CLANG_WARN_BOOL_CONVERSION = YES;
				CLANG_WARN_COMMA = YES;
				CLANG_WARN_CONSTANT_CONVERSION = YES;
				CLANG_WARN_DEPRECATED_OBJC_IMPLEMENTATIONS = YES;
				CLANG_WARN_DIRECT_OBJC_ISA_USAGE = YES_ERROR;
				CLANG_WARN_DOCUMENTATION_COMMENTS = YES;
				CLANG_WARN_EMPTY_BODY = YES;
				CLANG_WARN_ENUM_CONVERSION = YES;
				CLANG_WARN_INFINITE_RECURSION = YES;
				CLANG_WARN_INT_CONVERSION = YES;
				CLANG_WARN_NON_LITERAL_NULL_CONVERSION = YES;
				CLANG_WARN_OBJC_IMPLICIT_RETAIN_SELF = YES;
				CLANG_WARN_OBJC_LITERAL_CONVERSION = YES;
				CLANG_WARN_OBJC_ROOT_CLASS = YES_ERROR;
				CLANG_WARN_QUOTED_INCLUDE_IN_FRAMEWORK_HEADER = YES;
				CLANG_WARN_RANGE_LOOP_ANALYSIS = YES;
				CLANG_WARN_STRICT_PROTOTYPES = YES;
				CLANG_WARN_SUSPICIOUS_MOVE = YES;
				CLANG_WARN_UNGUARDED_AVAILABILITY = YES_AGGRESSIVE;
				CLANG_WARN_UNREACHABLE_CODE = YES;
				CLANG_WARN__DUPLICATE_METHOD_MATCH = YES;
				COPY_PHASE_STRIP = NO;
				DEBUG_INFORMATION_FORMAT = dwarf;
				ENABLE_STRICT_OBJC_MSGSEND = YES;
				ENABLE_TESTABILITY = YES;
				GCC_C_LANGUAGE_STANDARD = gnu11;
				GCC_DYNAMIC_NO_PIC = NO;
				GCC_NO_COMMON_BLOCKS = YES;
				GCC_OPTIMIZATION_LEVEL = 0;
				GCC_PREPROCESSOR_DEFINITIONS = (
					"DEBUG=1",
					"$(inherited)",
				);
				GCC_WARN_64_TO_32_BIT_CONVERSION = YES;
				GCC_WARN_ABOUT_RETURN_TYPE = YES_ERROR;
				GCC_WARN_UNDECLARED_SELECTOR = YES;
				GCC_WARN_UNINITIALIZED_AUTOS = YES_AGGRESSIVE;
				GCC_WARN_UNUSED_FUNCTION = YES;
				GCC_WARN_UNUSED_VARIABLE = YES;
				IPHONEOS_DEPLOYMENT_TARGET = 16.2;
				MTL_ENABLE_DEBUG_INFO = INCLUDE_SOURCE;
				MTL_FAST_MATH = YES;
				ONLY_ACTIVE_ARCH = YES;
				SDKROOT = iphoneos;
				SWIFT_ACTIVE_COMPILATION_CONDITIONS = DEBUG;
				SWIFT_OPTIMIZATION_LEVEL = "-Onone";
			};
			name = Debug;
		};
		0474B14229A6176E0059E3FA /* Release */ = {
			isa = XCBuildConfiguration;
			buildSettings = {
				ALWAYS_SEARCH_USER_PATHS = NO;
				CLANG_ANALYZER_NONNULL = YES;
				CLANG_ANALYZER_NUMBER_OBJECT_CONVERSION = YES_AGGRESSIVE;
				CLANG_CXX_LANGUAGE_STANDARD = "gnu++20";
				CLANG_ENABLE_MODULES = YES;
				CLANG_ENABLE_OBJC_ARC = YES;
				CLANG_ENABLE_OBJC_WEAK = YES;
				CLANG_WARN_BLOCK_CAPTURE_AUTORELEASING = YES;
				CLANG_WARN_BOOL_CONVERSION = YES;
				CLANG_WARN_COMMA = YES;
				CLANG_WARN_CONSTANT_CONVERSION = YES;
				CLANG_WARN_DEPRECATED_OBJC_IMPLEMENTATIONS = YES;
				CLANG_WARN_DIRECT_OBJC_ISA_USAGE = YES_ERROR;
				CLANG_WARN_DOCUMENTATION_COMMENTS = YES;
				CLANG_WARN_EMPTY_BODY = YES;
				CLANG_WARN_ENUM_CONVERSION = YES;
				CLANG_WARN_INFINITE_RECURSION = YES;
				CLANG_WARN_INT_CONVERSION = YES;
				CLANG_WARN_NON_LITERAL_NULL_CONVERSION = YES;
				CLANG_WARN_OBJC_IMPLICIT_RETAIN_SELF = YES;
				CLANG_WARN_OBJC_LITERAL_CONVERSION = YES;
				CLANG_WARN_OBJC_ROOT_CLASS = YES_ERROR;
				CLANG_WARN_QUOTED_INCLUDE_IN_FRAMEWORK_HEADER = YES;
				CLANG_WARN_RANGE_LOOP_ANALYSIS = YES;
				CLANG_WARN_STRICT_PROTOTYPES = YES;
				CLANG_WARN_SUSPICIOUS_MOVE = YES;
				CLANG_WARN_UNGUARDED_AVAILABILITY = YES_AGGRESSIVE;
				CLANG_WARN_UNREACHABLE_CODE = YES;
				CLANG_WARN__DUPLICATE_METHOD_MATCH = YES;
				COPY_PHASE_STRIP = NO;
				DEBUG_INFORMATION_FORMAT = "dwarf-with-dsym";
				ENABLE_NS_ASSERTIONS = NO;
				ENABLE_STRICT_OBJC_MSGSEND = YES;
				GCC_C_LANGUAGE_STANDARD = gnu11;
				GCC_NO_COMMON_BLOCKS = YES;
				GCC_WARN_64_TO_32_BIT_CONVERSION = YES;
				GCC_WARN_ABOUT_RETURN_TYPE = YES_ERROR;
				GCC_WARN_UNDECLARED_SELECTOR = YES;
				GCC_WARN_UNINITIALIZED_AUTOS = YES_AGGRESSIVE;
				GCC_WARN_UNUSED_FUNCTION = YES;
				GCC_WARN_UNUSED_VARIABLE = YES;
				IPHONEOS_DEPLOYMENT_TARGET = 16.2;
				MTL_ENABLE_DEBUG_INFO = NO;
				MTL_FAST_MATH = YES;
				SDKROOT = iphoneos;
				SWIFT_COMPILATION_MODE = wholemodule;
				SWIFT_OPTIMIZATION_LEVEL = "-O";
				VALIDATE_PRODUCT = YES;
			};
			name = Release;
		};
		0474B14429A6176E0059E3FA /* Debug */ = {
			isa = XCBuildConfiguration;
			buildSettings = {
				ASSETCATALOG_COMPILER_APPICON_NAME = AppIcon;
				ASSETCATALOG_COMPILER_GLOBAL_ACCENT_COLOR_NAME = AccentColor;
				CODE_SIGN_STYLE = Automatic;
				CURRENT_PROJECT_VERSION = 1;
				GENERATE_INFOPLIST_FILE = YES;
				INFOPLIST_FILE = Generic/Info.plist;
				INFOPLIST_KEY_UIApplicationSupportsIndirectInputEvents = YES;
				INFOPLIST_KEY_UILaunchStoryboardName = LaunchScreen;
				INFOPLIST_KEY_UIMainStoryboardFile = Main;
				INFOPLIST_KEY_UISupportedInterfaceOrientations_iPad = "UIInterfaceOrientationPortrait UIInterfaceOrientationPortraitUpsideDown UIInterfaceOrientationLandscapeLeft UIInterfaceOrientationLandscapeRight";
				INFOPLIST_KEY_UISupportedInterfaceOrientations_iPhone = "UIInterfaceOrientationPortrait UIInterfaceOrientationLandscapeLeft UIInterfaceOrientationLandscapeRight";
				LD_RUNPATH_SEARCH_PATHS = (
					"$(inherited)",
					"@executable_path/Frameworks",
				);
				MARKETING_VERSION = 1.0;
				PRODUCT_BUNDLE_IDENTIFIER = com.generic.Generic;
				PRODUCT_NAME = "$(TARGET_NAME)";
				SWIFT_EMIT_LOC_STRINGS = YES;
				SWIFT_VERSION = 5.0;
				TARGETED_DEVICE_FAMILY = "1,2";
			};
			name = Debug;
		};
		0474B14529A6176E0059E3FA /* Release */ = {
			isa = XCBuildConfiguration;
			buildSettings = {
				ASSETCATALOG_COMPILER_APPICON_NAME = AppIcon;
				ASSETCATALOG_COMPILER_GLOBAL_ACCENT_COLOR_NAME = AccentColor;
				CODE_SIGN_STYLE = Automatic;
				CURRENT_PROJECT_VERSION = 1;
				GENERATE_INFOPLIST_FILE = YES;
				INFOPLIST_FILE = Generic/Info.plist;
				INFOPLIST_KEY_UIApplicationSupportsIndirectInputEvents = YES;
				INFOPLIST_KEY_UILaunchStoryboardName = LaunchScreen;
				INFOPLIST_KEY_UIMainStoryboardFile = Main;
				INFOPLIST_KEY_UISupportedInterfaceOrientations_iPad = "UIInterfaceOrientationPortrait UIInterfaceOrientationPortraitUpsideDown UIInterfaceOrientationLandscapeLeft UIInterfaceOrientationLandscapeRight";
				INFOPLIST_KEY_UISupportedInterfaceOrientations_iPhone = "UIInterfaceOrientationPortrait UIInterfaceOrientationLandscapeLeft UIInterfaceOrientationLandscapeRight";
				LD_RUNPATH_SEARCH_PATHS = (
					"$(inherited)",
					"@executable_path/Frameworks",
				);
				MARKETING_VERSION = 1.0;
				PRODUCT_BUNDLE_IDENTIFIER = com.generic.Generic;
				PRODUCT_NAME = "$(TARGET_NAME)";
				SWIFT_EMIT_LOC_STRINGS = YES;
				SWIFT_VERSION = 5.0;
				TARGETED_DEVICE_FAMILY = "1,2";
			};
			name = Release;
		};
		0474B14729A6176E0059E3FA /* Debug */ = {
			isa = XCBuildConfiguration;
			buildSettings = {
				ALWAYS_EMBED_SWIFT_STANDARD_LIBRARIES = YES;
				BUNDLE_LOADER = "$(TEST_HOST)";
				CODE_SIGN_STYLE = Automatic;
				CURRENT_PROJECT_VERSION = 1;
				GENERATE_INFOPLIST_FILE = YES;
				IPHONEOS_DEPLOYMENT_TARGET = 16.2;
				MARKETING_VERSION = 1.0;
				PRODUCT_BUNDLE_IDENTIFIER = com.generic.GenericTests;
				PRODUCT_NAME = "$(TARGET_NAME)";
				SWIFT_EMIT_LOC_STRINGS = NO;
				SWIFT_VERSION = 5.0;
				TARGETED_DEVICE_FAMILY = "1,2";
				TEST_HOST = "$(BUILT_PRODUCTS_DIR)/Generic.app/$(BUNDLE_EXECUTABLE_FOLDER_PATH)/Generic";
			};
			name = Debug;
		};
		0474B14829A6176E0059E3FA /* Release */ = {
			isa = XCBuildConfiguration;
			buildSettings = {
				ALWAYS_EMBED_SWIFT_STANDARD_LIBRARIES = YES;
				BUNDLE_LOADER = "$(TEST_HOST)";
				CODE_SIGN_STYLE = Automatic;
				CURRENT_PROJECT_VERSION = 1;
				GENERATE_INFOPLIST_FILE = YES;
				IPHONEOS_DEPLOYMENT_TARGET = 16.2;
				MARKETING_VERSION = 1.0;
				PRODUCT_BUNDLE_IDENTIFIER = com.generic.GenericTests;
				PRODUCT_NAME = "$(TARGET_NAME)";
				SWIFT_EMIT_LOC_STRINGS = NO;
				SWIFT_VERSION = 5.0;
				TARGETED_DEVICE_FAMILY = "1,2";
				TEST_HOST = "$(BUILT_PRODUCTS_DIR)/Generic.app/$(BUNDLE_EXECUTABLE_FOLDER_PATH)/Generic";
			};
			name = Release;
		};
		0474B14A29A6176E0059E3FA /* Debug */ = {
			isa = XCBuildConfiguration;
			buildSettings = {
				ALWAYS_EMBED_SWIFT_STANDARD_LIBRARIES = YES;
				CODE_SIGN_STYLE = Automatic;
				CURRENT_PROJECT_VERSION = 1;
				GENERATE_INFOPLIST_FILE = YES;
				MARKETING_VERSION = 1.0;
				PRODUCT_BUNDLE_IDENTIFIER = com.generic.GenericUITests;
				PRODUCT_NAME = "$(TARGET_NAME)";
				SWIFT_EMIT_LOC_STRINGS = NO;
				SWIFT_VERSION = 5.0;
				TARGETED_DEVICE_FAMILY = "1,2";
				TEST_TARGET_NAME = Generic;
			};
			name = Debug;
		};
		0474B14B29A6176E0059E3FA /* Release */ = {
			isa = XCBuildConfiguration;
			buildSettings = {
				ALWAYS_EMBED_SWIFT_STANDARD_LIBRARIES = YES;
				CODE_SIGN_STYLE = Automatic;
				CURRENT_PROJECT_VERSION = 1;
				GENERATE_INFOPLIST_FILE = YES;
				MARKETING_VERSION = 1.0;
				PRODUCT_BUNDLE_IDENTIFIER = com.generic.GenericUITests;
				PRODUCT_NAME = "$(TARGET_NAME)";
				SWIFT_EMIT_LOC_STRINGS = NO;
				SWIFT_VERSION = 5.0;
				TARGETED_DEVICE_FAMILY = "1,2";
				TEST_TARGET_NAME = Generic;
			};
			name = Release;
		};
/* End XCBuildConfiguration section */

/* Begin XCConfigurationList section */
		0474B11429A6176D0059E3FA /* Build configuration list for PBXProject "Generic" */ = {
			isa = XCConfigurationList;
			buildConfigurations = (
				0474B14129A6176E0059E3FA /* Debug */,
				0474B14229A6176E0059E3FA /* Release */,
			);
			defaultConfigurationIsVisible = 0;
			defaultConfigurationName = Release;
		};
		0474B14329A6176E0059E3FA /* Build configuration list for PBXNativeTarget "Generic" */ = {
			isa = XCConfigurationList;
			buildConfigurations = (
				0474B14429A6176E0059E3FA /* Debug */,
				0474B14529A6176E0059E3FA /* Release */,
			);
			defaultConfigurationIsVisible = 0;
			defaultConfigurationName = Release;
		};
		0474B14629A6176E0059E3FA /* Build configuration list for PBXNativeTarget "GenericTests" */ = {
			isa = XCConfigurationList;
			buildConfigurations = (
				0474B14729A6176E0059E3FA /* Debug */,
				0474B14829A6176E0059E3FA /* Release */,
			);
			defaultConfigurationIsVisible = 0;
			defaultConfigurationName = Release;
		};
		0474B14929A6176E0059E3FA /* Build configuration list for PBXNativeTarget "GenericUITests" */ = {
			isa = XCConfigurationList;
			buildConfigurations = (
				0474B14A29A6176E0059E3FA /* Debug */,
				0474B14B29A6176E0059E3FA /* Release */,
			);
			defaultConfigurationIsVisible = 0;
			defaultConfigurationName = Release;
		};
/* End XCConfigurationList section */
	};
	rootObject = 0474B11129A6176D0059E3FA /* Project object */;
}
