// !$*UTF8*$!
{
	archiveVersion = 1;
	classes = {
	};
	objectVersion = 56;
	objects = {

/* Begin PBXBuildFile section */
		0468FB3029B06D730061E40D /* AppDelegate.swift in Sources */ = {isa = PBXBuildFile; fileRef = 0468FB2F29B06D730061E40D /* AppDelegate.swift */; };
		0468FB3229B06D730061E40D /* SceneDelegate.swift in Sources */ = {isa = PBXBuildFile; fileRef = 0468FB3129B06D730061E40D /* SceneDelegate.swift */; };
		0468FB3429B06D730061E40D /* ViewController.swift in Sources */ = {isa = PBXBuildFile; fileRef = 0468FB3329B06D730061E40D /* ViewController.swift */; };
		0468FB3729B06D730061E40D /* Main.storyboard in Resources */ = {isa = PBXBuildFile; fileRef = 0468FB3529B06D730061E40D /* Main.storyboard */; };
		0468FB3929B06D740061E40D /* Assets.xcassets in Resources */ = {isa = PBXBuildFile; fileRef = 0468FB3829B06D740061E40D /* Assets.xcassets */; };
		0468FB3C29B06D740061E40D /* LaunchScreen.storyboard in Resources */ = {isa = PBXBuildFile; fileRef = 0468FB3A29B06D740061E40D /* LaunchScreen.storyboard */; };
		0468FB4729B06D740061E40D /* for_loopTests.swift in Sources */ = {isa = PBXBuildFile; fileRef = 0468FB4629B06D740061E40D /* for_loopTests.swift */; };
		0468FB5129B06D740061E40D /* for_loopUITests.swift in Sources */ = {isa = PBXBuildFile; fileRef = 0468FB5029B06D740061E40D /* for_loopUITests.swift */; };
		0468FB5329B06D740061E40D /* for_loopUITestsLaunchTests.swift in Sources */ = {isa = PBXBuildFile; fileRef = 0468FB5229B06D740061E40D /* for_loopUITestsLaunchTests.swift */; };
/* End PBXBuildFile section */

/* Begin PBXContainerItemProxy section */
		0468FB4329B06D740061E40D /* PBXContainerItemProxy */ = {
			isa = PBXContainerItemProxy;
			containerPortal = 0468FB2429B06D730061E40D /* Project object */;
			proxyType = 1;
			remoteGlobalIDString = 0468FB2B29B06D730061E40D;
			remoteInfo = for_loop;
		};
		0468FB4D29B06D740061E40D /* PBXContainerItemProxy */ = {
			isa = PBXContainerItemProxy;
			containerPortal = 0468FB2429B06D730061E40D /* Project object */;
			proxyType = 1;
			remoteGlobalIDString = 0468FB2B29B06D730061E40D;
			remoteInfo = for_loop;
		};
/* End PBXContainerItemProxy section */

/* Begin PBXFileReference section */
		0468FB2C29B06D730061E40D /* for_loop.app */ = {isa = PBXFileReference; explicitFileType = wrapper.application; includeInIndex = 0; path = for_loop.app; sourceTree = BUILT_PRODUCTS_DIR; };
		0468FB2F29B06D730061E40D /* AppDelegate.swift */ = {isa = PBXFileReference; lastKnownFileType = sourcecode.swift; path = AppDelegate.swift; sourceTree = "<group>"; };
		0468FB3129B06D730061E40D /* SceneDelegate.swift */ = {isa = PBXFileReference; lastKnownFileType = sourcecode.swift; path = SceneDelegate.swift; sourceTree = "<group>"; };
		0468FB3329B06D730061E40D /* ViewController.swift */ = {isa = PBXFileReference; lastKnownFileType = sourcecode.swift; path = ViewController.swift; sourceTree = "<group>"; };
		0468FB3629B06D730061E40D /* Base */ = {isa = PBXFileReference; lastKnownFileType = file.storyboard; name = Base; path = Base.lproj/Main.storyboard; sourceTree = "<group>"; };
		0468FB3829B06D740061E40D /* Assets.xcassets */ = {isa = PBXFileReference; lastKnownFileType = folder.assetcatalog; path = Assets.xcassets; sourceTree = "<group>"; };
		0468FB3B29B06D740061E40D /* Base */ = {isa = PBXFileReference; lastKnownFileType = file.storyboard; name = Base; path = Base.lproj/LaunchScreen.storyboard; sourceTree = "<group>"; };
		0468FB3D29B06D740061E40D /* Info.plist */ = {isa = PBXFileReference; lastKnownFileType = text.plist.xml; path = Info.plist; sourceTree = "<group>"; };
		0468FB4229B06D740061E40D /* for_loopTests.xctest */ = {isa = PBXFileReference; explicitFileType = wrapper.cfbundle; includeInIndex = 0; path = for_loopTests.xctest; sourceTree = BUILT_PRODUCTS_DIR; };
		0468FB4629B06D740061E40D /* for_loopTests.swift */ = {isa = PBXFileReference; lastKnownFileType = sourcecode.swift; path = for_loopTests.swift; sourceTree = "<group>"; };
		0468FB4C29B06D740061E40D /* for_loopUITests.xctest */ = {isa = PBXFileReference; explicitFileType = wrapper.cfbundle; includeInIndex = 0; path = for_loopUITests.xctest; sourceTree = BUILT_PRODUCTS_DIR; };
		0468FB5029B06D740061E40D /* for_loopUITests.swift */ = {isa = PBXFileReference; lastKnownFileType = sourcecode.swift; path = for_loopUITests.swift; sourceTree = "<group>"; };
		0468FB5229B06D740061E40D /* for_loopUITestsLaunchTests.swift */ = {isa = PBXFileReference; lastKnownFileType = sourcecode.swift; path = for_loopUITestsLaunchTests.swift; sourceTree = "<group>"; };
/* End PBXFileReference section */

/* Begin PBXFrameworksBuildPhase section */
		0468FB2929B06D730061E40D /* Frameworks */ = {
			isa = PBXFrameworksBuildPhase;
			buildActionMask = 2147483647;
			files = (
			);
			runOnlyForDeploymentPostprocessing = 0;
		};
		0468FB3F29B06D740061E40D /* Frameworks */ = {
			isa = PBXFrameworksBuildPhase;
			buildActionMask = 2147483647;
			files = (
			);
			runOnlyForDeploymentPostprocessing = 0;
		};
		0468FB4929B06D740061E40D /* Frameworks */ = {
			isa = PBXFrameworksBuildPhase;
			buildActionMask = 2147483647;
			files = (
			);
			runOnlyForDeploymentPostprocessing = 0;
		};
/* End PBXFrameworksBuildPhase section */

/* Begin PBXGroup section */
		0468FB2329B06D730061E40D = {
			isa = PBXGroup;
			children = (
				0468FB2E29B06D730061E40D /* for_loop */,
				0468FB4529B06D740061E40D /* for_loopTests */,
				0468FB4F29B06D740061E40D /* for_loopUITests */,
				0468FB2D29B06D730061E40D /* Products */,
			);
			sourceTree = "<group>";
		};
		0468FB2D29B06D730061E40D /* Products */ = {
			isa = PBXGroup;
			children = (
				0468FB2C29B06D730061E40D /* for_loop.app */,
				0468FB4229B06D740061E40D /* for_loopTests.xctest */,
				0468FB4C29B06D740061E40D /* for_loopUITests.xctest */,
			);
			name = Products;
			sourceTree = "<group>";
		};
		0468FB2E29B06D730061E40D /* for_loop */ = {
			isa = PBXGroup;
			children = (
				0468FB2F29B06D730061E40D /* AppDelegate.swift */,
				0468FB3129B06D730061E40D /* SceneDelegate.swift */,
				0468FB3329B06D730061E40D /* ViewController.swift */,
				0468FB3529B06D730061E40D /* Main.storyboard */,
				0468FB3829B06D740061E40D /* Assets.xcassets */,
				0468FB3A29B06D740061E40D /* LaunchScreen.storyboard */,
				0468FB3D29B06D740061E40D /* Info.plist */,
			);
			path = for_loop;
			sourceTree = "<group>";
		};
		0468FB4529B06D740061E40D /* for_loopTests */ = {
			isa = PBXGroup;
			children = (
				0468FB4629B06D740061E40D /* for_loopTests.swift */,
			);
			path = for_loopTests;
			sourceTree = "<group>";
		};
		0468FB4F29B06D740061E40D /* for_loopUITests */ = {
			isa = PBXGroup;
			children = (
				0468FB5029B06D740061E40D /* for_loopUITests.swift */,
				0468FB5229B06D740061E40D /* for_loopUITestsLaunchTests.swift */,
			);
			path = for_loopUITests;
			sourceTree = "<group>";
		};
/* End PBXGroup section */

/* Begin PBXNativeTarget section */
		0468FB2B29B06D730061E40D /* for_loop */ = {
			isa = PBXNativeTarget;
			buildConfigurationList = 0468FB5629B06D740061E40D /* Build configuration list for PBXNativeTarget "for_loop" */;
			buildPhases = (
				0468FB2829B06D730061E40D /* Sources */,
				0468FB2929B06D730061E40D /* Frameworks */,
				0468FB2A29B06D730061E40D /* Resources */,
			);
			buildRules = (
			);
			dependencies = (
			);
			name = for_loop;
			productName = for_loop;
			productReference = 0468FB2C29B06D730061E40D /* for_loop.app */;
			productType = "com.apple.product-type.application";
		};
		0468FB4129B06D740061E40D /* for_loopTests */ = {
			isa = PBXNativeTarget;
			buildConfigurationList = 0468FB5929B06D740061E40D /* Build configuration list for PBXNativeTarget "for_loopTests" */;
			buildPhases = (
				0468FB3E29B06D740061E40D /* Sources */,
				0468FB3F29B06D740061E40D /* Frameworks */,
				0468FB4029B06D740061E40D /* Resources */,
			);
			buildRules = (
			);
			dependencies = (
				0468FB4429B06D740061E40D /* PBXTargetDependency */,
			);
			name = for_loopTests;
			productName = for_loopTests;
			productReference = 0468FB4229B06D740061E40D /* for_loopTests.xctest */;
			productType = "com.apple.product-type.bundle.unit-test";
		};
		0468FB4B29B06D740061E40D /* for_loopUITests */ = {
			isa = PBXNativeTarget;
			buildConfigurationList = 0468FB5C29B06D740061E40D /* Build configuration list for PBXNativeTarget "for_loopUITests" */;
			buildPhases = (
				0468FB4829B06D740061E40D /* Sources */,
				0468FB4929B06D740061E40D /* Frameworks */,
				0468FB4A29B06D740061E40D /* Resources */,
			);
			buildRules = (
			);
			dependencies = (
				0468FB4E29B06D740061E40D /* PBXTargetDependency */,
			);
			name = for_loopUITests;
			productName = for_loopUITests;
			productReference = 0468FB4C29B06D740061E40D /* for_loopUITests.xctest */;
			productType = "com.apple.product-type.bundle.ui-testing";
		};
/* End PBXNativeTarget section */

/* Begin PBXProject section */
		0468FB2429B06D730061E40D /* Project object */ = {
			isa = PBXProject;
			attributes = {
				BuildIndependentTargetsInParallel = 1;
				LastSwiftUpdateCheck = 1420;
				LastUpgradeCheck = 1420;
				TargetAttributes = {
					0468FB2B29B06D730061E40D = {
						CreatedOnToolsVersion = 14.2;
					};
					0468FB4129B06D740061E40D = {
						CreatedOnToolsVersion = 14.2;
						TestTargetID = 0468FB2B29B06D730061E40D;
					};
					0468FB4B29B06D740061E40D = {
						CreatedOnToolsVersion = 14.2;
						TestTargetID = 0468FB2B29B06D730061E40D;
					};
				};
			};
			buildConfigurationList = 0468FB2729B06D730061E40D /* Build configuration list for PBXProject "for_loop" */;
			compatibilityVersion = "Xcode 14.0";
			developmentRegion = en;
			hasScannedForEncodings = 0;
			knownRegions = (
				en,
				Base,
			);
			mainGroup = 0468FB2329B06D730061E40D;
			productRefGroup = 0468FB2D29B06D730061E40D /* Products */;
			projectDirPath = "";
			projectRoot = "";
			targets = (
				0468FB2B29B06D730061E40D /* for_loop */,
				0468FB4129B06D740061E40D /* for_loopTests */,
				0468FB4B29B06D740061E40D /* for_loopUITests */,
			);
		};
/* End PBXProject section */

/* Begin PBXResourcesBuildPhase section */
		0468FB2A29B06D730061E40D /* Resources */ = {
			isa = PBXResourcesBuildPhase;
			buildActionMask = 2147483647;
			files = (
				0468FB3C29B06D740061E40D /* LaunchScreen.storyboard in Resources */,
				0468FB3929B06D740061E40D /* Assets.xcassets in Resources */,
				0468FB3729B06D730061E40D /* Main.storyboard in Resources */,
			);
			runOnlyForDeploymentPostprocessing = 0;
		};
		0468FB4029B06D740061E40D /* Resources */ = {
			isa = PBXResourcesBuildPhase;
			buildActionMask = 2147483647;
			files = (
			);
			runOnlyForDeploymentPostprocessing = 0;
		};
		0468FB4A29B06D740061E40D /* Resources */ = {
			isa = PBXResourcesBuildPhase;
			buildActionMask = 2147483647;
			files = (
			);
			runOnlyForDeploymentPostprocessing = 0;
		};
/* End PBXResourcesBuildPhase section */

/* Begin PBXSourcesBuildPhase section */
		0468FB2829B06D730061E40D /* Sources */ = {
			isa = PBXSourcesBuildPhase;
			buildActionMask = 2147483647;
			files = (
				0468FB3429B06D730061E40D /* ViewController.swift in Sources */,
				0468FB3029B06D730061E40D /* AppDelegate.swift in Sources */,
				0468FB3229B06D730061E40D /* SceneDelegate.swift in Sources */,
			);
			runOnlyForDeploymentPostprocessing = 0;
		};
		0468FB3E29B06D740061E40D /* Sources */ = {
			isa = PBXSourcesBuildPhase;
			buildActionMask = 2147483647;
			files = (
				0468FB4729B06D740061E40D /* for_loopTests.swift in Sources */,
			);
			runOnlyForDeploymentPostprocessing = 0;
		};
		0468FB4829B06D740061E40D /* Sources */ = {
			isa = PBXSourcesBuildPhase;
			buildActionMask = 2147483647;
			files = (
				0468FB5329B06D740061E40D /* for_loopUITestsLaunchTests.swift in Sources */,
				0468FB5129B06D740061E40D /* for_loopUITests.swift in Sources */,
			);
			runOnlyForDeploymentPostprocessing = 0;
		};
/* End PBXSourcesBuildPhase section */

/* Begin PBXTargetDependency section */
		0468FB4429B06D740061E40D /* PBXTargetDependency */ = {
			isa = PBXTargetDependency;
			target = 0468FB2B29B06D730061E40D /* for_loop */;
			targetProxy = 0468FB4329B06D740061E40D /* PBXContainerItemProxy */;
		};
		0468FB4E29B06D740061E40D /* PBXTargetDependency */ = {
			isa = PBXTargetDependency;
			target = 0468FB2B29B06D730061E40D /* for_loop */;
			targetProxy = 0468FB4D29B06D740061E40D /* PBXContainerItemProxy */;
		};
/* End PBXTargetDependency section */

/* Begin PBXVariantGroup section */
		0468FB3529B06D730061E40D /* Main.storyboard */ = {
			isa = PBXVariantGroup;
			children = (
				0468FB3629B06D730061E40D /* Base */,
			);
			name = Main.storyboard;
			sourceTree = "<group>";
		};
		0468FB3A29B06D740061E40D /* LaunchScreen.storyboard */ = {
			isa = PBXVariantGroup;
			children = (
				0468FB3B29B06D740061E40D /* Base */,
			);
			name = LaunchScreen.storyboard;
			sourceTree = "<group>";
		};
/* End PBXVariantGroup section */

/* Begin XCBuildConfiguration section */
		0468FB5429B06D740061E40D /* Debug */ = {
			isa = XCBuildConfiguration;
			buildSettings = {
				ALWAYS_SEARCH_USER_PATHS = NO;
				CLANG_ANALYZER_NONNULL = YES;
				CLANG_ANALYZER_NUMBER_OBJECT_CONVERSION = YES_AGGRESSIVE;
				CLANG_CXX_LANGUAGE_STANDARD = "gnu++20";
				CLANG_ENABLE_MODULES = YES;
				CLANG_ENABLE_OBJC_ARC = YES;
				CLANG_ENABLE_OBJC_WEAK = YES;
				CLANG_WARN_BLOCK_CAPTURE_AUTORELEASING = YES;
				CLANG_WARN_BOOL_CONVERSION = YES;
				CLANG_WARN_COMMA = YES;
				CLANG_WARN_CONSTANT_CONVERSION = YES;
				CLANG_WARN_DEPRECATED_OBJC_IMPLEMENTATIONS = YES;
				CLANG_WARN_DIRECT_OBJC_ISA_USAGE = YES_ERROR;
				CLANG_WARN_DOCUMENTATION_COMMENTS = YES;
				CLANG_WARN_EMPTY_BODY = YES;
				CLANG_WARN_ENUM_CONVERSION = YES;
				CLANG_WARN_INFINITE_RECURSION = YES;
				CLANG_WARN_INT_CONVERSION = YES;
				CLANG_WARN_NON_LITERAL_NULL_CONVERSION = YES;
				CLANG_WARN_OBJC_IMPLICIT_RETAIN_SELF = YES;
				CLANG_WARN_OBJC_LITERAL_CONVERSION = YES;
				CLANG_WARN_OBJC_ROOT_CLASS = YES_ERROR;
				CLANG_WARN_QUOTED_INCLUDE_IN_FRAMEWORK_HEADER = YES;
				CLANG_WARN_RANGE_LOOP_ANALYSIS = YES;
				CLANG_WARN_STRICT_PROTOTYPES = YES;
				CLANG_WARN_SUSPICIOUS_MOVE = YES;
				CLANG_WARN_UNGUARDED_AVAILABILITY = YES_AGGRESSIVE;
				CLANG_WARN_UNREACHABLE_CODE = YES;
				CLANG_WARN__DUPLICATE_METHOD_MATCH = YES;
				COPY_PHASE_STRIP = NO;
				DEBUG_INFORMATION_FORMAT = dwarf;
				ENABLE_STRICT_OBJC_MSGSEND = YES;
				ENABLE_TESTABILITY = YES;
				GCC_C_LANGUAGE_STANDARD = gnu11;
				GCC_DYNAMIC_NO_PIC = NO;
				GCC_NO_COMMON_BLOCKS = YES;
				GCC_OPTIMIZATION_LEVEL = 0;
				GCC_PREPROCESSOR_DEFINITIONS = (
					"DEBUG=1",
					"$(inherited)",
				);
				GCC_WARN_64_TO_32_BIT_CONVERSION = YES;
				GCC_WARN_ABOUT_RETURN_TYPE = YES_ERROR;
				GCC_WARN_UNDECLARED_SELECTOR = YES;
				GCC_WARN_UNINITIALIZED_AUTOS = YES_AGGRESSIVE;
				GCC_WARN_UNUSED_FUNCTION = YES;
				GCC_WARN_UNUSED_VARIABLE = YES;
				IPHONEOS_DEPLOYMENT_TARGET = 16.2;
				MTL_ENABLE_DEBUG_INFO = INCLUDE_SOURCE;
				MTL_FAST_MATH = YES;
				ONLY_ACTIVE_ARCH = YES;
				SDKROOT = iphoneos;
				SWIFT_ACTIVE_COMPILATION_CONDITIONS = DEBUG;
				SWIFT_OPTIMIZATION_LEVEL = "-Onone";
			};
			name = Debug;
		};
		0468FB5529B06D740061E40D /* Release */ = {
			isa = XCBuildConfiguration;
			buildSettings = {
				ALWAYS_SEARCH_USER_PATHS = NO;
				CLANG_ANALYZER_NONNULL = YES;
				CLANG_ANALYZER_NUMBER_OBJECT_CONVERSION = YES_AGGRESSIVE;
				CLANG_CXX_LANGUAGE_STANDARD = "gnu++20";
				CLANG_ENABLE_MODULES = YES;
				CLANG_ENABLE_OBJC_ARC = YES;
				CLANG_ENABLE_OBJC_WEAK = YES;
				CLANG_WARN_BLOCK_CAPTURE_AUTORELEASING = YES;
				CLANG_WARN_BOOL_CONVERSION = YES;
				CLANG_WARN_COMMA = YES;
				CLANG_WARN_CONSTANT_CONVERSION = YES;
				CLANG_WARN_DEPRECATED_OBJC_IMPLEMENTATIONS = YES;
				CLANG_WARN_DIRECT_OBJC_ISA_USAGE = YES_ERROR;
				CLANG_WARN_DOCUMENTATION_COMMENTS = YES;
				CLANG_WARN_EMPTY_BODY = YES;
				CLANG_WARN_ENUM_CONVERSION = YES;
				CLANG_WARN_INFINITE_RECURSION = YES;
				CLANG_WARN_INT_CONVERSION = YES;
				CLANG_WARN_NON_LITERAL_NULL_CONVERSION = YES;
				CLANG_WARN_OBJC_IMPLICIT_RETAIN_SELF = YES;
				CLANG_WARN_OBJC_LITERAL_CONVERSION = YES;
				CLANG_WARN_OBJC_ROOT_CLASS = YES_ERROR;
				CLANG_WARN_QUOTED_INCLUDE_IN_FRAMEWORK_HEADER = YES;
				CLANG_WARN_RANGE_LOOP_ANALYSIS = YES;
				CLANG_WARN_STRICT_PROTOTYPES = YES;
				CLANG_WARN_SUSPICIOUS_MOVE = YES;
				CLANG_WARN_UNGUARDED_AVAILABILITY = YES_AGGRESSIVE;
				CLANG_WARN_UNREACHABLE_CODE = YES;
				CLANG_WARN__DUPLICATE_METHOD_MATCH = YES;
				COPY_PHASE_STRIP = NO;
				DEBUG_INFORMATION_FORMAT = "dwarf-with-dsym";
				ENABLE_NS_ASSERTIONS = NO;
				ENABLE_STRICT_OBJC_MSGSEND = YES;
				GCC_C_LANGUAGE_STANDARD = gnu11;
				GCC_NO_COMMON_BLOCKS = YES;
				GCC_WARN_64_TO_32_BIT_CONVERSION = YES;
				GCC_WARN_ABOUT_RETURN_TYPE = YES_ERROR;
				GCC_WARN_UNDECLARED_SELECTOR = YES;
				GCC_WARN_UNINITIALIZED_AUTOS = YES_AGGRESSIVE;
				GCC_WARN_UNUSED_FUNCTION = YES;
				GCC_WARN_UNUSED_VARIABLE = YES;
				IPHONEOS_DEPLOYMENT_TARGET = 16.2;
				MTL_ENABLE_DEBUG_INFO = NO;
				MTL_FAST_MATH = YES;
				SDKROOT = iphoneos;
				SWIFT_COMPILATION_MODE = wholemodule;
				SWIFT_OPTIMIZATION_LEVEL = "-O";
				VALIDATE_PRODUCT = YES;
			};
			name = Release;
		};
		0468FB5729B06D740061E40D /* Debug */ = {
			isa = XCBuildConfiguration;
			buildSettings = {
				ASSETCATALOG_COMPILER_APPICON_NAME = AppIcon;
				ASSETCATALOG_COMPILER_GLOBAL_ACCENT_COLOR_NAME = AccentColor;
				CODE_SIGN_STYLE = Automatic;
				CURRENT_PROJECT_VERSION = 1;
				GENERATE_INFOPLIST_FILE = YES;
				INFOPLIST_FILE = for_loop/Info.plist;
				INFOPLIST_KEY_UIApplicationSupportsIndirectInputEvents = YES;
				INFOPLIST_KEY_UILaunchStoryboardName = LaunchScreen;
				INFOPLIST_KEY_UIMainStoryboardFile = Main;
				INFOPLIST_KEY_UISupportedInterfaceOrientations_iPad = "UIInterfaceOrientationPortrait UIInterfaceOrientationPortraitUpsideDown UIInterfaceOrientationLandscapeLeft UIInterfaceOrientationLandscapeRight";
				INFOPLIST_KEY_UISupportedInterfaceOrientations_iPhone = "UIInterfaceOrientationPortrait UIInterfaceOrientationLandscapeLeft UIInterfaceOrientationLandscapeRight";
				LD_RUNPATH_SEARCH_PATHS = (
					"$(inherited)",
					"@executable_path/Frameworks",
				);
				MARKETING_VERSION = 1.0;
				PRODUCT_BUNDLE_IDENTIFIER = "com.carData.for-loop";
				PRODUCT_NAME = "$(TARGET_NAME)";
				SWIFT_EMIT_LOC_STRINGS = YES;
				SWIFT_VERSION = 5.0;
				TARGETED_DEVICE_FAMILY = "1,2";
			};
			name = Debug;
		};
		0468FB5829B06D740061E40D /* Release */ = {
			isa = XCBuildConfiguration;
			buildSettings = {
				ASSETCATALOG_COMPILER_APPICON_NAME = AppIcon;
				ASSETCATALOG_COMPILER_GLOBAL_ACCENT_COLOR_NAME = AccentColor;
				CODE_SIGN_STYLE = Automatic;
				CURRENT_PROJECT_VERSION = 1;
				GENERATE_INFOPLIST_FILE = YES;
				INFOPLIST_FILE = for_loop/Info.plist;
				INFOPLIST_KEY_UIApplicationSupportsIndirectInputEvents = YES;
				INFOPLIST_KEY_UILaunchStoryboardName = LaunchScreen;
				INFOPLIST_KEY_UIMainStoryboardFile = Main;
				INFOPLIST_KEY_UISupportedInterfaceOrientations_iPad = "UIInterfaceOrientationPortrait UIInterfaceOrientationPortraitUpsideDown UIInterfaceOrientationLandscapeLeft UIInterfaceOrientationLandscapeRight";
				INFOPLIST_KEY_UISupportedInterfaceOrientations_iPhone = "UIInterfaceOrientationPortrait UIInterfaceOrientationLandscapeLeft UIInterfaceOrientationLandscapeRight";
				LD_RUNPATH_SEARCH_PATHS = (
					"$(inherited)",
					"@executable_path/Frameworks",
				);
				MARKETING_VERSION = 1.0;
				PRODUCT_BUNDLE_IDENTIFIER = "com.carData.for-loop";
				PRODUCT_NAME = "$(TARGET_NAME)";
				SWIFT_EMIT_LOC_STRINGS = YES;
				SWIFT_VERSION = 5.0;
				TARGETED_DEVICE_FAMILY = "1,2";
			};
			name = Release;
		};
		0468FB5A29B06D740061E40D /* Debug */ = {
			isa = XCBuildConfiguration;
			buildSettings = {
				ALWAYS_EMBED_SWIFT_STANDARD_LIBRARIES = YES;
				BUNDLE_LOADER = "$(TEST_HOST)";
				CODE_SIGN_STYLE = Automatic;
				CURRENT_PROJECT_VERSION = 1;
				GENERATE_INFOPLIST_FILE = YES;
				IPHONEOS_DEPLOYMENT_TARGET = 16.2;
				MARKETING_VERSION = 1.0;
				PRODUCT_BUNDLE_IDENTIFIER = "com.carData.for-loopTests";
				PRODUCT_NAME = "$(TARGET_NAME)";
				SWIFT_EMIT_LOC_STRINGS = NO;
				SWIFT_VERSION = 5.0;
				TARGETED_DEVICE_FAMILY = "1,2";
				TEST_HOST = "$(BUILT_PRODUCTS_DIR)/for_loop.app/$(BUNDLE_EXECUTABLE_FOLDER_PATH)/for_loop";
			};
			name = Debug;
		};
		0468FB5B29B06D740061E40D /* Release */ = {
			isa = XCBuildConfiguration;
			buildSettings = {
				ALWAYS_EMBED_SWIFT_STANDARD_LIBRARIES = YES;
				BUNDLE_LOADER = "$(TEST_HOST)";
				CODE_SIGN_STYLE = Automatic;
				CURRENT_PROJECT_VERSION = 1;
				GENERATE_INFOPLIST_FILE = YES;
				IPHONEOS_DEPLOYMENT_TARGET = 16.2;
				MARKETING_VERSION = 1.0;
				PRODUCT_BUNDLE_IDENTIFIER = "com.carData.for-loopTests";
				PRODUCT_NAME = "$(TARGET_NAME)";
				SWIFT_EMIT_LOC_STRINGS = NO;
				SWIFT_VERSION = 5.0;
				TARGETED_DEVICE_FAMILY = "1,2";
				TEST_HOST = "$(BUILT_PRODUCTS_DIR)/for_loop.app/$(BUNDLE_EXECUTABLE_FOLDER_PATH)/for_loop";
			};
			name = Release;
		};
		0468FB5D29B06D740061E40D /* Debug */ = {
			isa = XCBuildConfiguration;
			buildSettings = {
				ALWAYS_EMBED_SWIFT_STANDARD_LIBRARIES = YES;
				CODE_SIGN_STYLE = Automatic;
				CURRENT_PROJECT_VERSION = 1;
				GENERATE_INFOPLIST_FILE = YES;
				MARKETING_VERSION = 1.0;
				PRODUCT_BUNDLE_IDENTIFIER = "com.carData.for-loopUITests";
				PRODUCT_NAME = "$(TARGET_NAME)";
				SWIFT_EMIT_LOC_STRINGS = NO;
				SWIFT_VERSION = 5.0;
				TARGETED_DEVICE_FAMILY = "1,2";
				TEST_TARGET_NAME = for_loop;
			};
			name = Debug;
		};
		0468FB5E29B06D740061E40D /* Release */ = {
			isa = XCBuildConfiguration;
			buildSettings = {
				ALWAYS_EMBED_SWIFT_STANDARD_LIBRARIES = YES;
				CODE_SIGN_STYLE = Automatic;
				CURRENT_PROJECT_VERSION = 1;
				GENERATE_INFOPLIST_FILE = YES;
				MARKETING_VERSION = 1.0;
				PRODUCT_BUNDLE_IDENTIFIER = "com.carData.for-loopUITests";
				PRODUCT_NAME = "$(TARGET_NAME)";
				SWIFT_EMIT_LOC_STRINGS = NO;
				SWIFT_VERSION = 5.0;
				TARGETED_DEVICE_FAMILY = "1,2";
				TEST_TARGET_NAME = for_loop;
			};
			name = Release;
		};
/* End XCBuildConfiguration section */

/* Begin XCConfigurationList section */
		0468FB2729B06D730061E40D /* Build configuration list for PBXProject "for_loop" */ = {
			isa = XCConfigurationList;
			buildConfigurations = (
				0468FB5429B06D740061E40D /* Debug */,
				0468FB5529B06D740061E40D /* Release */,
			);
			defaultConfigurationIsVisible = 0;
			defaultConfigurationName = Release;
		};
		0468FB5629B06D740061E40D /* Build configuration list for PBXNativeTarget "for_loop" */ = {
			isa = XCConfigurationList;
			buildConfigurations = (
				0468FB5729B06D740061E40D /* Debug */,
				0468FB5829B06D740061E40D /* Release */,
			);
			defaultConfigurationIsVisible = 0;
			defaultConfigurationName = Release;
		};
		0468FB5929B06D740061E40D /* Build configuration list for PBXNativeTarget "for_loopTests" */ = {
			isa = XCConfigurationList;
			buildConfigurations = (
				0468FB5A29B06D740061E40D /* Debug */,
				0468FB5B29B06D740061E40D /* Release */,
			);
			defaultConfigurationIsVisible = 0;
			defaultConfigurationName = Release;
		};
		0468FB5C29B06D740061E40D /* Build configuration list for PBXNativeTarget "for_loopUITests" */ = {
			isa = XCConfigurationList;
			buildConfigurations = (
				0468FB5D29B06D740061E40D /* Debug */,
				0468FB5E29B06D740061E40D /* Release */,
			);
			defaultConfigurationIsVisible = 0;
			defaultConfigurationName = Release;
		};
/* End XCConfigurationList section */
	};
	rootObject = 0468FB2429B06D730061E40D /* Project object */;
}
